<?xml version="1.0" encoding="UTF-8" standalone="yes" ?>
<CodeBlocks_project_file>
	<FileVersion major="1" minor="6" />
	<Project>
		<Option title="Corona en Tunisie" />
		<Option pch_mode="2" />
		<Option compiler="gcc" />
		<Build>
			<Target title="Debug">
				<Option output="bin/Debug/Corona en Tunisie" prefix_auto="1" extension_auto="1" />
				<Option object_output="obj/Debug/" />
				<Option type="1" />
				<Option compiler="gcc" />
				<Compiler>
					<Add option="-g" />
				</Compiler>
			</Target>
			<Target title="Release">
				<Option output="bin/Release/Corona en Tunisie" prefix_auto="1" extension_auto="1" />
				<Option object_output="obj/Release/" />
				<Option type="1" />
				<Option compiler="gcc" />
				<Compiler>
					<Add option="-O2" />
				</Compiler>
				<Linker>
					<Add option="-s" />
				</Linker>
			</Target>
		</Build>
		<Compiler>
			<Add option="-Wall" />
		</Compiler>
		<Unit filename="datefunction.h" />
		<Unit filename="dateprim.h" />
		<Unit filename="datestruct.h" />
		<Unit filename="folderfunction.h" />
		<Unit filename="folderprim.h" />
		<Unit filename="folderstruct.h" />
		<Unit filename="govarr_function.h" />
		<Unit filename="govarr_prim.h" />
		<Unit filename="link1.h" />
		<Unit filename="link2.h" />
		<Unit filename="link3.h" />
		<Unit filename="listfunction.h" />
		<Unit filename="listprim.h" />
		<Unit filename="liststruct.h" />
		<Unit filename="main.c">
			<Option compilerVar="CC" />
		</Unit>
		<Unit filename="resources.rc">
			<Option compilerVar="WINDRES" />
		</Unit>
		<Extensions>
			<lib_finder disable_auto="1" />
		</Extensions>
	</Project>
</CodeBlocks_project_file>
